{
  "name": "scriveno",
  "version": "2.0.11",
  "lockfileVersion": 3,
  "requires": true,
  "packages": {
    "": {
      "name": "scriveno",
      "version": "2.0.11",
      "license": "MIT",
      "bin": {
        "scriveno": "bin/install.js"
      },
      "engines": {
        "node": ">=20.0.0"
      }
    }
  }
}
